
Microsoft Visual Studio Solution File, Format Version 12.00
# Visual Studio Version 16
VisualStudioVersion = 16.0.30907.101
MinimumVisualStudioVersion = 10.0.40219.1
Project("{FAE04EC0-301F-11D3-BF4B-00C04F79EFBC}") = "P01_StudentSystem", "P01_StudentSystem\P01_StudentSystem.csproj", "{A6A25859-75C6-4AF4-8585-A289A15724ED}"
EndProject
Project("{FAE04EC0-301F-11D3-BF4B-00C04F79EFBC}") = "P01_StudentSystem.Data.Models", "P01_StudentSystem.Data.Models\P01_StudentSystem.Data.Models.csproj", "{3434B946-DC5A-40BF-8F0E-5FDCC2339B96}"
EndProject
Project("{FAE04EC0-301F-11D3-BF4B-00C04F79EFBC}") = "P01_StudentSystem.Data", "P01_StudentSystem.Data\P01_StudentSystem.Data.csproj", "{B8F06867-4FB5-46C9-B8CE-66BBDAE61E5A}"
EndProject
Global
	GlobalSection(SolutionConfigurationPlatforms) = preSolution
		Debug|Any CPU = Debug|Any CPU
		Release|Any CPU = Release|Any CPU
	EndGlobalSection
	GlobalSection(ProjectConfigurationPlatforms) = postSolution
		{A6A25859-75C6-4AF4-8585-A289A15724ED}.Debug|Any CPU.ActiveCfg = Debug|Any CPU
		{A6A25859-75C6-4AF4-8585-A289A15724ED}.Debug|Any CPU.Build.0 = Debug|Any CPU
		{A6A25859-75C6-4AF4-8585-A289A15724ED}.Release|Any CPU.ActiveCfg = Release|Any CPU
		{A6A25859-75C6-4AF4-8585-A289A15724ED}.Release|Any CPU.Build.0 = Release|Any CPU
		{3434B946-DC5A-40BF-8F0E-5FDCC2339B96}.Debug|Any CPU.ActiveCfg = Debug|Any CPU
		{3434B946-DC5A-40BF-8F0E-5FDCC2339B96}.Debug|Any CPU.Build.0 = Debug|Any CPU
		{3434B946-DC5A-40BF-8F0E-5FDCC2339B96}.Release|Any CPU.ActiveCfg = Release|Any CPU
		{3434B946-DC5A-40BF-8F0E-5FDCC2339B96}.Release|Any CPU.Build.0 = Release|Any CPU
		{B8F06867-4FB5-46C9-B8CE-66BBDAE61E5A}.Debug|Any CPU.ActiveCfg = Debug|Any CPU
		{B8F06867-4FB5-46C9-B8CE-66BBDAE61E5A}.Debug|Any CPU.Build.0 = Debug|Any CPU
		{B8F06867-4FB5-46C9-B8CE-66BBDAE61E5A}.Release|Any CPU.ActiveCfg = Release|Any CPU
		{B8F06867-4FB5-46C9-B8CE-66BBDAE61E5A}.Release|Any CPU.Build.0 = Release|Any CPU
	EndGlobalSection
	GlobalSection(SolutionProperties) = preSolution
		HideSolutionNode = FALSE
	EndGlobalSection
	GlobalSection(ExtensibilityGlobals) = postSolution
		SolutionGuid = {AB553DAE-3AA5-4010-8123-54818F4882DE}
	EndGlobalSection
EndGlobal
