
Microsoft Visual Studio Solution File, Format Version 12.00
# Visual Studio Version 16
VisualStudioVersion = 16.0.31729.503
MinimumVisualStudioVersion = 10.0.40219.1
Project("{9A19103F-16F7-4668-BE54-9A1E7A4F7556}") = "P03_FootballBetting", "P03_FootballBetting\P03_FootballBetting.csproj", "{896A55FC-4807-46BC-B596-F9C9D4DB22D0}"
EndProject
Project("{9A19103F-16F7-4668-BE54-9A1E7A4F7556}") = "P03_FootballBetting.Data.Models", "P03_FootballBetting.Data.Models\P03_FootballBetting.Data.Models.csproj", "{78941064-CF4C-4E6A-89CE-F7083FDBAC42}"
EndProject
Project("{9A19103F-16F7-4668-BE54-9A1E7A4F7556}") = "P03_FootballBetting.Data", "P03_FootballBetting.Data\P03_FootballBetting.Data.csproj", "{0D9D5B28-BF92-4CE7-BBFE-B2969E81634F}"
EndProject
Global
	GlobalSection(SolutionConfigurationPlatforms) = preSolution
		Debug|Any CPU = Debug|Any CPU
		Release|Any CPU = Release|Any CPU
	EndGlobalSection
	GlobalSection(ProjectConfigurationPlatforms) = postSolution
		{896A55FC-4807-46BC-B596-F9C9D4DB22D0}.Debug|Any CPU.ActiveCfg = Debug|Any CPU
		{896A55FC-4807-46BC-B596-F9C9D4DB22D0}.Debug|Any CPU.Build.0 = Debug|Any CPU
		{896A55FC-4807-46BC-B596-F9C9D4DB22D0}.Release|Any CPU.ActiveCfg = Release|Any CPU
		{896A55FC-4807-46BC-B596-F9C9D4DB22D0}.Release|Any CPU.Build.0 = Release|Any CPU
		{78941064-CF4C-4E6A-89CE-F7083FDBAC42}.Debug|Any CPU.ActiveCfg = Debug|Any CPU
		{78941064-CF4C-4E6A-89CE-F7083FDBAC42}.Debug|Any CPU.Build.0 = Debug|Any CPU
		{78941064-CF4C-4E6A-89CE-F7083FDBAC42}.Release|Any CPU.ActiveCfg = Release|Any CPU
		{78941064-CF4C-4E6A-89CE-F7083FDBAC42}.Release|Any CPU.Build.0 = Release|Any CPU
		{0D9D5B28-BF92-4CE7-BBFE-B2969E81634F}.Debug|Any CPU.ActiveCfg = Debug|Any CPU
		{0D9D5B28-BF92-4CE7-BBFE-B2969E81634F}.Debug|Any CPU.Build.0 = Debug|Any CPU
		{0D9D5B28-BF92-4CE7-BBFE-B2969E81634F}.Release|Any CPU.ActiveCfg = Release|Any CPU
		{0D9D5B28-BF92-4CE7-BBFE-B2969E81634F}.Release|Any CPU.Build.0 = Release|Any CPU
	EndGlobalSection
	GlobalSection(SolutionProperties) = preSolution
		HideSolutionNode = FALSE
	EndGlobalSection
	GlobalSection(ExtensibilityGlobals) = postSolution
		SolutionGuid = {BFFC1E91-8EB7-41C2-AA2B-BE6BC709936E}
	EndGlobalSection
EndGlobal
